
Microsoft Visual Studio Solution File, Format Version 12.00
# Visual Studio Version 16
VisualStudioVersion = 16.0.31005.135
MinimumVisualStudioVersion = 10.0.40219.1
Project("{FAE04EC0-301F-11D3-BF4B-00C04F79EFBC}") = "WebApp", "WebApp\WebApp.csproj", "{D5958009-E30B-497D-90F2-0EAA770E6780}"
EndProject
Global
	GlobalSection(SolutionConfigurationPlatforms) = preSolution
		Debug|Any CPU = Debug|Any CPU
		Release|Any CPU = Release|Any CPU
	EndGlobalSection
	GlobalSection(ProjectConfigurationPlatforms) = postSolution
		{D5958009-E30B-497D-90F2-0EAA770E6780}.Debug|Any CPU.ActiveCfg = Debug|Any CPU
		{D5958009-E30B-497D-90F2-0EAA770E6780}.Debug|Any CPU.Build.0 = Debug|Any CPU
		{D5958009-E30B-497D-90F2-0EAA770E6780}.Release|Any CPU.ActiveCfg = Release|Any CPU
		{D5958009-E30B-497D-90F2-0EAA770E6780}.Release|Any CPU.Build.0 = Release|Any CPU
	EndGlobalSection
	GlobalSection(SolutionProperties) = preSolution
		HideSolutionNode = FALSE
	EndGlobalSection
	GlobalSection(ExtensibilityGlobals) = postSolution
		SolutionGuid = {F6846382-9121-49F1-A176-A20DA29FF233}
	EndGlobalSection
EndGlobal
